{
  "name": "utils",
  "version": "1.0.0",
  "lockfileVersion": 1,
  "requires": true,
  "dependencies": {
    "nan": {
      "version": "2.12.1",
      "resolved": "https://registry.npmjs.org/nan/-/nan-2.12.1.tgz",
      "integrity": "sha512-JY7V6lRkStKcKTvHO5NVSQRv+RV+FIL5pvDoLiAtSL9pKlC5x9PKQcZDsq7m4FO4d57mkhC6Z+QhAh3Jdk5JFw=="
    },
    "pcap": {
      "version": "2.1.0",
      "resolved": "https://registry.npmjs.org/pcap/-/pcap-2.1.0.tgz",
      "integrity": "sha512-immYRefC8nWvfH0HbmB/O+8xcd5TsN+VzOusFY0BNpQtZXlKwZo/2AiZHAukcC41vcgVI7dUrBxQCsQc71NaOw==",
      "requires": {
        "nan": "^2.0.9",
        "socketwatcher": "git+https://github.com/bytzdev/node-socketwatcher.git#d252d3f8c45f565a0a48ebd155d4f9e4666798d9"
      }
    },
    "socketwatcher": {
      "version": "git+https://github.com/bytzdev/node-socketwatcher.git#d252d3f8c45f565a0a48ebd155d4f9e4666798d9",
      "from": "git+https://github.com/bytzdev/node-socketwatcher.git",
      "requires": {
        "nan": "^2.0.9"
      }
    }
  }
}
